// !$*UTF8*$!
{
	archiveVersion = 1;
	classes = {
	};
	objectVersion = 56;
	objects = {

/* Begin PBXBuildFile section */
		884EF9C82B88FC5A00446716 /* ApplyDiscountViewSpy.swift in Sources */ = {isa = PBXBuildFile; fileRef = 884EF9C72B88FC5A00446716 /* ApplyDiscountViewSpy.swift */; };
		885A6A472B85315D00E304B5 /* ApplyDiscountViewControllerTests.swift in Sources */ = {isa = PBXBuildFile; fileRef = 885A6A462B85315D00E304B5 /* ApplyDiscountViewControllerTests.swift */; };
		889BAEBA2B83F118000FCDFF /* AppDelegate.swift in Sources */ = {isa = PBXBuildFile; fileRef = 889BAEB92B83F118000FCDFF /* AppDelegate.swift */; };
		889BAEBC2B83F118000FCDFF /* SceneDelegate.swift in Sources */ = {isa = PBXBuildFile; fileRef = 889BAEBB2B83F118000FCDFF /* SceneDelegate.swift */; };
		889BAEBE2B83F118000FCDFF /* ApplyDiscountViewController.swift in Sources */ = {isa = PBXBuildFile; fileRef = 889BAEBD2B83F118000FCDFF /* ApplyDiscountViewController.swift */; };
		889BAEC32B83F119000FCDFF /* Assets.xcassets in Resources */ = {isa = PBXBuildFile; fileRef = 889BAEC22B83F119000FCDFF /* Assets.xcassets */; };
		889BAEC62B83F119000FCDFF /* LaunchScreen.storyboard in Resources */ = {isa = PBXBuildFile; fileRef = 889BAEC42B83F119000FCDFF /* LaunchScreen.storyboard */; };
		889BAEEB2B83F9CF000FCDFF /* ApplyDiscountView.swift in Sources */ = {isa = PBXBuildFile; fileRef = 889BAEEA2B83F9CF000FCDFF /* ApplyDiscountView.swift */; };
		889BAEED2B84CF7B000FCDFF /* ApplyDiscountInteractor.swift in Sources */ = {isa = PBXBuildFile; fileRef = 889BAEEC2B84CF7B000FCDFF /* ApplyDiscountInteractor.swift */; };
		889BAEEF2B84D6A2000FCDFF /* ApplyDiscountPresenter.swift in Sources */ = {isa = PBXBuildFile; fileRef = 889BAEEE2B84D6A2000FCDFF /* ApplyDiscountPresenter.swift */; };
		889BAEF22B84EA32000FCDFF /* ApplyDiscountInteractorTests.swift in Sources */ = {isa = PBXBuildFile; fileRef = 889BAEF12B84EA32000FCDFF /* ApplyDiscountInteractorTests.swift */; };
		88EA16E42B851931008F587E /* ApplyDiscountPresenterTests.swift in Sources */ = {isa = PBXBuildFile; fileRef = 88EA16E32B851931008F587E /* ApplyDiscountPresenterTests.swift */; };
/* End PBXBuildFile section */

/* Begin PBXContainerItemProxy section */
		889BAECD2B83F119000FCDFF /* PBXContainerItemProxy */ = {
			isa = PBXContainerItemProxy;
			containerPortal = 889BAEAE2B83F118000FCDFF /* Project object */;
			proxyType = 1;
			remoteGlobalIDString = 889BAEB52B83F118000FCDFF;
			remoteInfo = ProtocolsApp;
		};
/* End PBXContainerItemProxy section */

/* Begin PBXFileReference section */
		884EF9C72B88FC5A00446716 /* ApplyDiscountViewSpy.swift */ = {isa = PBXFileReference; lastKnownFileType = sourcecode.swift; path = ApplyDiscountViewSpy.swift; sourceTree = "<group>"; };
		884EF9C92B8B93A200446716 /* ProtocolsApp.xctestplan */ = {isa = PBXFileReference; lastKnownFileType = text; path = ProtocolsApp.xctestplan; sourceTree = "<group>"; };
		885A6A452B85239A00E304B5 /* ProtocolsAppTests.xctestplan */ = {isa = PBXFileReference; lastKnownFileType = text; path = ProtocolsAppTests.xctestplan; sourceTree = "<group>"; };
		885A6A462B85315D00E304B5 /* ApplyDiscountViewControllerTests.swift */ = {isa = PBXFileReference; lastKnownFileType = sourcecode.swift; path = ApplyDiscountViewControllerTests.swift; sourceTree = "<group>"; };
		889BAEB62B83F118000FCDFF /* ProtocolsApp.app */ = {isa = PBXFileReference; explicitFileType = wrapper.application; includeInIndex = 0; path = ProtocolsApp.app; sourceTree = BUILT_PRODUCTS_DIR; };
		889BAEB92B83F118000FCDFF /* AppDelegate.swift */ = {isa = PBXFileReference; lastKnownFileType = sourcecode.swift; path = AppDelegate.swift; sourceTree = "<group>"; };
		889BAEBB2B83F118000FCDFF /* SceneDelegate.swift */ = {isa = PBXFileReference; lastKnownFileType = sourcecode.swift; path = SceneDelegate.swift; sourceTree = "<group>"; };
		889BAEBD2B83F118000FCDFF /* ApplyDiscountViewController.swift */ = {isa = PBXFileReference; lastKnownFileType = sourcecode.swift; path = ApplyDiscountViewController.swift; sourceTree = "<group>"; };
		889BAEC22B83F119000FCDFF /* Assets.xcassets */ = {isa = PBXFileReference; lastKnownFileType = folder.assetcatalog; path = Assets.xcassets; sourceTree = "<group>"; };
		889BAEC52B83F119000FCDFF /* Base */ = {isa = PBXFileReference; lastKnownFileType = file.storyboard; name = Base; path = Base.lproj/LaunchScreen.storyboard; sourceTree = "<group>"; };
		889BAEC72B83F119000FCDFF /* Info.plist */ = {isa = PBXFileReference; lastKnownFileType = text.plist.xml; path = Info.plist; sourceTree = "<group>"; };
		889BAECC2B83F119000FCDFF /* ProtocolsAppTests.xctest */ = {isa = PBXFileReference; explicitFileType = wrapper.cfbundle; includeInIndex = 0; path = ProtocolsAppTests.xctest; sourceTree = BUILT_PRODUCTS_DIR; };
		889BAEEA2B83F9CF000FCDFF /* ApplyDiscountView.swift */ = {isa = PBXFileReference; lastKnownFileType = sourcecode.swift; path = ApplyDiscountView.swift; sourceTree = "<group>"; };
		889BAEEC2B84CF7B000FCDFF /* ApplyDiscountInteractor.swift */ = {isa = PBXFileReference; lastKnownFileType = sourcecode.swift; path = ApplyDiscountInteractor.swift; sourceTree = "<group>"; };
		889BAEEE2B84D6A2000FCDFF /* ApplyDiscountPresenter.swift */ = {isa = PBXFileReference; lastKnownFileType = sourcecode.swift; path = ApplyDiscountPresenter.swift; sourceTree = "<group>"; };
		889BAEF12B84EA32000FCDFF /* ApplyDiscountInteractorTests.swift */ = {isa = PBXFileReference; lastKnownFileType = sourcecode.swift; path = ApplyDiscountInteractorTests.swift; sourceTree = "<group>"; };
		88EA16E32B851931008F587E /* ApplyDiscountPresenterTests.swift */ = {isa = PBXFileReference; lastKnownFileType = sourcecode.swift; path = ApplyDiscountPresenterTests.swift; sourceTree = "<group>"; };
/* End PBXFileReference section */

/* Begin PBXFrameworksBuildPhase section */
		889BAEB32B83F118000FCDFF /* Frameworks */ = {
			isa = PBXFrameworksBuildPhase;
			buildActionMask = 2147483647;
			files = (
			);
			runOnlyForDeploymentPostprocessing = 0;
		};
		889BAEC92B83F119000FCDFF /* Frameworks */ = {
			isa = PBXFrameworksBuildPhase;
			buildActionMask = 2147483647;
			files = (
			);
			runOnlyForDeploymentPostprocessing = 0;
		};
/* End PBXFrameworksBuildPhase section */

/* Begin PBXGroup section */
		884EF9C62B88FC4100446716 /* TestDoubles */ = {
			isa = PBXGroup;
			children = (
				884EF9C72B88FC5A00446716 /* ApplyDiscountViewSpy.swift */,
			);
			path = TestDoubles;
			sourceTree = "<group>";
		};
		889BAEAD2B83F118000FCDFF = {
			isa = PBXGroup;
			children = (
				889BAEB82B83F118000FCDFF /* ProtocolsApp */,
				889BAECF2B83F119000FCDFF /* ProtocolsAppTests */,
				889BAEB72B83F118000FCDFF /* Products */,
			);
			sourceTree = "<group>";
		};
		889BAEB72B83F118000FCDFF /* Products */ = {
			isa = PBXGroup;
			children = (
				889BAEB62B83F118000FCDFF /* ProtocolsApp.app */,
				889BAECC2B83F119000FCDFF /* ProtocolsAppTests.xctest */,
			);
			name = Products;
			sourceTree = "<group>";
		};
		889BAEB82B83F118000FCDFF /* ProtocolsApp */ = {
			isa = PBXGroup;
			children = (
				889BAEE92B83F444000FCDFF /* ApplyDiscount */,
				889BAEB92B83F118000FCDFF /* AppDelegate.swift */,
				889BAEBB2B83F118000FCDFF /* SceneDelegate.swift */,
				889BAEC22B83F119000FCDFF /* Assets.xcassets */,
				889BAEC42B83F119000FCDFF /* LaunchScreen.storyboard */,
				889BAEC72B83F119000FCDFF /* Info.plist */,
			);
			path = ProtocolsApp;
			sourceTree = "<group>";
		};
		889BAECF2B83F119000FCDFF /* ProtocolsAppTests */ = {
			isa = PBXGroup;
			children = (
				884EF9C92B8B93A200446716 /* ProtocolsApp.xctestplan */,
				885A6A452B85239A00E304B5 /* ProtocolsAppTests.xctestplan */,
				889BAEF02B84E9E4000FCDFF /* ApplyDiscount */,
			);
			path = ProtocolsAppTests;
			sourceTree = "<group>";
		};
		889BAEE92B83F444000FCDFF /* ApplyDiscount */ = {
			isa = PBXGroup;
			children = (
				889BAEBD2B83F118000FCDFF /* ApplyDiscountViewController.swift */,
				889BAEEA2B83F9CF000FCDFF /* ApplyDiscountView.swift */,
				889BAEEC2B84CF7B000FCDFF /* ApplyDiscountInteractor.swift */,
				889BAEEE2B84D6A2000FCDFF /* ApplyDiscountPresenter.swift */,
			);
			path = ApplyDiscount;
			sourceTree = "<group>";
		};
		889BAEF02B84E9E4000FCDFF /* ApplyDiscount */ = {
			isa = PBXGroup;
			children = (
				884EF9C62B88FC4100446716 /* TestDoubles */,
				889BAEF12B84EA32000FCDFF /* ApplyDiscountInteractorTests.swift */,
				88EA16E32B851931008F587E /* ApplyDiscountPresenterTests.swift */,
				885A6A462B85315D00E304B5 /* ApplyDiscountViewControllerTests.swift */,
			);
			path = ApplyDiscount;
			sourceTree = "<group>";
		};
/* End PBXGroup section */

/* Begin PBXNativeTarget section */
		889BAEB52B83F118000FCDFF /* ProtocolsApp */ = {
			isa = PBXNativeTarget;
			buildConfigurationList = 889BAEE02B83F119000FCDFF /* Build configuration list for PBXNativeTarget "ProtocolsApp" */;
			buildPhases = (
				889BAEB22B83F118000FCDFF /* Sources */,
				889BAEB32B83F118000FCDFF /* Frameworks */,
				889BAEB42B83F118000FCDFF /* Resources */,
			);
			buildRules = (
			);
			dependencies = (
			);
			name = ProtocolsApp;
			productName = ProtocolsApp;
			productReference = 889BAEB62B83F118000FCDFF /* ProtocolsApp.app */;
			productType = "com.apple.product-type.application";
		};
		889BAECB2B83F119000FCDFF /* ProtocolsAppTests */ = {
			isa = PBXNativeTarget;
			buildConfigurationList = 889BAEE32B83F119000FCDFF /* Build configuration list for PBXNativeTarget "ProtocolsAppTests" */;
			buildPhases = (
				889BAEC82B83F119000FCDFF /* Sources */,
				889BAEC92B83F119000FCDFF /* Frameworks */,
				889BAECA2B83F119000FCDFF /* Resources */,
			);
			buildRules = (
			);
			dependencies = (
				889BAECE2B83F119000FCDFF /* PBXTargetDependency */,
			);
			name = ProtocolsAppTests;
			productName = ProtocolsAppTests;
			productReference = 889BAECC2B83F119000FCDFF /* ProtocolsAppTests.xctest */;
			productType = "com.apple.product-type.bundle.unit-test";
		};
/* End PBXNativeTarget section */

/* Begin PBXProject section */
		889BAEAE2B83F118000FCDFF /* Project object */ = {
			isa = PBXProject;
			attributes = {
				BuildIndependentTargetsInParallel = 1;
				LastSwiftUpdateCheck = 1430;
				LastUpgradeCheck = 1430;
				TargetAttributes = {
					889BAEB52B83F118000FCDFF = {
						CreatedOnToolsVersion = 14.3.1;
					};
					889BAECB2B83F119000FCDFF = {
						CreatedOnToolsVersion = 14.3.1;
						LastSwiftMigration = 1430;
						TestTargetID = 889BAEB52B83F118000FCDFF;
					};
				};
			};
			buildConfigurationList = 889BAEB12B83F118000FCDFF /* Build configuration list for PBXProject "ProtocolsApp" */;
			compatibilityVersion = "Xcode 14.0";
			developmentRegion = en;
			hasScannedForEncodings = 0;
			knownRegions = (
				en,
				Base,
			);
			mainGroup = 889BAEAD2B83F118000FCDFF;
			productRefGroup = 889BAEB72B83F118000FCDFF /* Products */;
			projectDirPath = "";
			projectRoot = "";
			targets = (
				889BAEB52B83F118000FCDFF /* ProtocolsApp */,
				889BAECB2B83F119000FCDFF /* ProtocolsAppTests */,
			);
		};
/* End PBXProject section */

/* Begin PBXResourcesBuildPhase section */
		889BAEB42B83F118000FCDFF /* Resources */ = {
			isa = PBXResourcesBuildPhase;
			buildActionMask = 2147483647;
			files = (
				889BAEC62B83F119000FCDFF /* LaunchScreen.storyboard in Resources */,
				889BAEC32B83F119000FCDFF /* Assets.xcassets in Resources */,
			);
			runOnlyForDeploymentPostprocessing = 0;
		};
		889BAECA2B83F119000FCDFF /* Resources */ = {
			isa = PBXResourcesBuildPhase;
			buildActionMask = 2147483647;
			files = (
			);
			runOnlyForDeploymentPostprocessing = 0;
		};
/* End PBXResourcesBuildPhase section */

/* Begin PBXSourcesBuildPhase section */
		889BAEB22B83F118000FCDFF /* Sources */ = {
			isa = PBXSourcesBuildPhase;
			buildActionMask = 2147483647;
			files = (
				889BAEEB2B83F9CF000FCDFF /* ApplyDiscountView.swift in Sources */,
				889BAEBE2B83F118000FCDFF /* ApplyDiscountViewController.swift in Sources */,
				889BAEBA2B83F118000FCDFF /* AppDelegate.swift in Sources */,
				889BAEBC2B83F118000FCDFF /* SceneDelegate.swift in Sources */,
				889BAEEF2B84D6A2000FCDFF /* ApplyDiscountPresenter.swift in Sources */,
				889BAEED2B84CF7B000FCDFF /* ApplyDiscountInteractor.swift in Sources */,
			);
			runOnlyForDeploymentPostprocessing = 0;
		};
		889BAEC82B83F119000FCDFF /* Sources */ = {
			isa = PBXSourcesBuildPhase;
			buildActionMask = 2147483647;
			files = (
				88EA16E42B851931008F587E /* ApplyDiscountPresenterTests.swift in Sources */,
				889BAEF22B84EA32000FCDFF /* ApplyDiscountInteractorTests.swift in Sources */,
				884EF9C82B88FC5A00446716 /* ApplyDiscountViewSpy.swift in Sources */,
				885A6A472B85315D00E304B5 /* ApplyDiscountViewControllerTests.swift in Sources */,
			);
			runOnlyForDeploymentPostprocessing = 0;
		};
/* End PBXSourcesBuildPhase section */

/* Begin PBXTargetDependency section */
		889BAECE2B83F119000FCDFF /* PBXTargetDependency */ = {
			isa = PBXTargetDependency;
			target = 889BAEB52B83F118000FCDFF /* ProtocolsApp */;
			targetProxy = 889BAECD2B83F119000FCDFF /* PBXContainerItemProxy */;
		};
/* End PBXTargetDependency section */

/* Begin PBXVariantGroup section */
		889BAEC42B83F119000FCDFF /* LaunchScreen.storyboard */ = {
			isa = PBXVariantGroup;
			children = (
				889BAEC52B83F119000FCDFF /* Base */,
			);
			name = LaunchScreen.storyboard;
			sourceTree = "<group>";
		};
/* End PBXVariantGroup section */

/* Begin XCBuildConfiguration section */
		889BAEDE2B83F119000FCDFF /* Debug */ = {
			isa = XCBuildConfiguration;
			buildSettings = {
				ALWAYS_SEARCH_USER_PATHS = NO;
				CLANG_ANALYZER_NONNULL = YES;
				CLANG_ANALYZER_NUMBER_OBJECT_CONVERSION = YES_AGGRESSIVE;
				CLANG_CXX_LANGUAGE_STANDARD = "gnu++20";
				CLANG_ENABLE_MODULES = YES;
				CLANG_ENABLE_OBJC_ARC = YES;
				CLANG_ENABLE_OBJC_WEAK = YES;
				CLANG_WARN_BLOCK_CAPTURE_AUTORELEASING = YES;
				CLANG_WARN_BOOL_CONVERSION = YES;
				CLANG_WARN_COMMA = YES;
				CLANG_WARN_CONSTANT_CONVERSION = YES;
				CLANG_WARN_DEPRECATED_OBJC_IMPLEMENTATIONS = YES;
				CLANG_WARN_DIRECT_OBJC_ISA_USAGE = YES_ERROR;
				CLANG_WARN_DOCUMENTATION_COMMENTS = YES;
				CLANG_WARN_EMPTY_BODY = YES;
				CLANG_WARN_ENUM_CONVERSION = YES;
				CLANG_WARN_INFINITE_RECURSION = YES;
				CLANG_WARN_INT_CONVERSION = YES;
				CLANG_WARN_NON_LITERAL_NULL_CONVERSION = YES;
				CLANG_WARN_OBJC_IMPLICIT_RETAIN_SELF = YES;
				CLANG_WARN_OBJC_LITERAL_CONVERSION = YES;
				CLANG_WARN_OBJC_ROOT_CLASS = YES_ERROR;
				CLANG_WARN_QUOTED_INCLUDE_IN_FRAMEWORK_HEADER = YES;
				CLANG_WARN_RANGE_LOOP_ANALYSIS = YES;
				CLANG_WARN_STRICT_PROTOTYPES = YES;
				CLANG_WARN_SUSPICIOUS_MOVE = YES;
				CLANG_WARN_UNGUARDED_AVAILABILITY = YES_AGGRESSIVE;
				CLANG_WARN_UNREACHABLE_CODE = YES;
				CLANG_WARN__DUPLICATE_METHOD_MATCH = YES;
				COPY_PHASE_STRIP = NO;
				DEBUG_INFORMATION_FORMAT = dwarf;
				ENABLE_STRICT_OBJC_MSGSEND = YES;
				ENABLE_TESTABILITY = YES;
				GCC_C_LANGUAGE_STANDARD = gnu11;
				GCC_DYNAMIC_NO_PIC = NO;
				GCC_NO_COMMON_BLOCKS = YES;
				GCC_OPTIMIZATION_LEVEL = 0;
				GCC_PREPROCESSOR_DEFINITIONS = (
					"DEBUG=1",
					"$(inherited)",
				);
				GCC_WARN_64_TO_32_BIT_CONVERSION = YES;
				GCC_WARN_ABOUT_RETURN_TYPE = YES_ERROR;
				GCC_WARN_UNDECLARED_SELECTOR = YES;
				GCC_WARN_UNINITIALIZED_AUTOS = YES_AGGRESSIVE;
				GCC_WARN_UNUSED_FUNCTION = YES;
				GCC_WARN_UNUSED_VARIABLE = YES;
				IPHONEOS_DEPLOYMENT_TARGET = 16.4;
				MTL_ENABLE_DEBUG_INFO = INCLUDE_SOURCE;
				MTL_FAST_MATH = YES;
				ONLY_ACTIVE_ARCH = YES;
				SDKROOT = iphoneos;
				SWIFT_ACTIVE_COMPILATION_CONDITIONS = DEBUG;
				SWIFT_OPTIMIZATION_LEVEL = "-Onone";
			};
			name = Debug;
		};
		889BAEDF2B83F119000FCDFF /* Release */ = {
			isa = XCBuildConfiguration;
			buildSettings = {
				ALWAYS_SEARCH_USER_PATHS = NO;
				CLANG_ANALYZER_NONNULL = YES;
				CLANG_ANALYZER_NUMBER_OBJECT_CONVERSION = YES_AGGRESSIVE;
				CLANG_CXX_LANGUAGE_STANDARD = "gnu++20";
				CLANG_ENABLE_MODULES = YES;
				CLANG_ENABLE_OBJC_ARC = YES;
				CLANG_ENABLE_OBJC_WEAK = YES;
				CLANG_WARN_BLOCK_CAPTURE_AUTORELEASING = YES;
				CLANG_WARN_BOOL_CONVERSION = YES;
				CLANG_WARN_COMMA = YES;
				CLANG_WARN_CONSTANT_CONVERSION = YES;
				CLANG_WARN_DEPRECATED_OBJC_IMPLEMENTATIONS = YES;
				CLANG_WARN_DIRECT_OBJC_ISA_USAGE = YES_ERROR;
				CLANG_WARN_DOCUMENTATION_COMMENTS = YES;
				CLANG_WARN_EMPTY_BODY = YES;
				CLANG_WARN_ENUM_CONVERSION = YES;
				CLANG_WARN_INFINITE_RECURSION = YES;
				CLANG_WARN_INT_CONVERSION = YES;
				CLANG_WARN_NON_LITERAL_NULL_CONVERSION = YES;
				CLANG_WARN_OBJC_IMPLICIT_RETAIN_SELF = YES;
				CLANG_WARN_OBJC_LITERAL_CONVERSION = YES;
				CLANG_WARN_OBJC_ROOT_CLASS = YES_ERROR;
				CLANG_WARN_QUOTED_INCLUDE_IN_FRAMEWORK_HEADER = YES;
				CLANG_WARN_RANGE_LOOP_ANALYSIS = YES;
				CLANG_WARN_STRICT_PROTOTYPES = YES;
				CLANG_WARN_SUSPICIOUS_MOVE = YES;
				CLANG_WARN_UNGUARDED_AVAILABILITY = YES_AGGRESSIVE;
				CLANG_WARN_UNREACHABLE_CODE = YES;
				CLANG_WARN__DUPLICATE_METHOD_MATCH = YES;
				COPY_PHASE_STRIP = NO;
				DEBUG_INFORMATION_FORMAT = "dwarf-with-dsym";
				ENABLE_NS_ASSERTIONS = NO;
				ENABLE_STRICT_OBJC_MSGSEND = YES;
				GCC_C_LANGUAGE_STANDARD = gnu11;
				GCC_NO_COMMON_BLOCKS = YES;
				GCC_WARN_64_TO_32_BIT_CONVERSION = YES;
				GCC_WARN_ABOUT_RETURN_TYPE = YES_ERROR;
				GCC_WARN_UNDECLARED_SELECTOR = YES;
				GCC_WARN_UNINITIALIZED_AUTOS = YES_AGGRESSIVE;
				GCC_WARN_UNUSED_FUNCTION = YES;
				GCC_WARN_UNUSED_VARIABLE = YES;
				IPHONEOS_DEPLOYMENT_TARGET = 16.4;
				MTL_ENABLE_DEBUG_INFO = NO;
				MTL_FAST_MATH = YES;
				SDKROOT = iphoneos;
				SWIFT_COMPILATION_MODE = wholemodule;
				SWIFT_OPTIMIZATION_LEVEL = "-O";
				VALIDATE_PRODUCT = YES;
			};
			name = Release;
		};
		889BAEE12B83F119000FCDFF /* Debug */ = {
			isa = XCBuildConfiguration;
			buildSettings = {
				ASSETCATALOG_COMPILER_APPICON_NAME = AppIcon;
				ASSETCATALOG_COMPILER_GLOBAL_ACCENT_COLOR_NAME = AccentColor;
				CODE_SIGN_STYLE = Automatic;
				CURRENT_PROJECT_VERSION = 1;
				DEVELOPMENT_TEAM = YXQS68D56Q;
				GENERATE_INFOPLIST_FILE = YES;
				INFOPLIST_FILE = ProtocolsApp/Info.plist;
				INFOPLIST_KEY_UIApplicationSupportsIndirectInputEvents = YES;
				INFOPLIST_KEY_UILaunchStoryboardName = LaunchScreen;
				INFOPLIST_KEY_UISupportedInterfaceOrientations_iPad = "UIInterfaceOrientationPortrait UIInterfaceOrientationPortraitUpsideDown UIInterfaceOrientationLandscapeLeft UIInterfaceOrientationLandscapeRight";
				INFOPLIST_KEY_UISupportedInterfaceOrientations_iPhone = "UIInterfaceOrientationPortrait UIInterfaceOrientationLandscapeLeft UIInterfaceOrientationLandscapeRight";
				LD_RUNPATH_SEARCH_PATHS = (
					"$(inherited)",
					"@executable_path/Frameworks",
				);
				MARKETING_VERSION = 1.0;
				PRODUCT_BUNDLE_IDENTIFIER = br.com.renato.ProtocolsApp;
				PRODUCT_NAME = "$(TARGET_NAME)";
				SWIFT_EMIT_LOC_STRINGS = YES;
				SWIFT_VERSION = 5.0;
				TARGETED_DEVICE_FAMILY = "1,2";
			};
			name = Debug;
		};
		889BAEE22B83F119000FCDFF /* Release */ = {
			isa = XCBuildConfiguration;
			buildSettings = {
				ASSETCATALOG_COMPILER_APPICON_NAME = AppIcon;
				ASSETCATALOG_COMPILER_GLOBAL_ACCENT_COLOR_NAME = AccentColor;
				CODE_SIGN_STYLE = Automatic;
				CURRENT_PROJECT_VERSION = 1;
				DEVELOPMENT_TEAM = YXQS68D56Q;
				GENERATE_INFOPLIST_FILE = YES;
				INFOPLIST_FILE = ProtocolsApp/Info.plist;
				INFOPLIST_KEY_UIApplicationSupportsIndirectInputEvents = YES;
				INFOPLIST_KEY_UILaunchStoryboardName = LaunchScreen;
				INFOPLIST_KEY_UISupportedInterfaceOrientations_iPad = "UIInterfaceOrientationPortrait UIInterfaceOrientationPortraitUpsideDown UIInterfaceOrientationLandscapeLeft UIInterfaceOrientationLandscapeRight";
				INFOPLIST_KEY_UISupportedInterfaceOrientations_iPhone = "UIInterfaceOrientationPortrait UIInterfaceOrientationLandscapeLeft UIInterfaceOrientationLandscapeRight";
				LD_RUNPATH_SEARCH_PATHS = (
					"$(inherited)",
					"@executable_path/Frameworks",
				);
				MARKETING_VERSION = 1.0;
				PRODUCT_BUNDLE_IDENTIFIER = br.com.renato.ProtocolsApp;
				PRODUCT_NAME = "$(TARGET_NAME)";
				SWIFT_EMIT_LOC_STRINGS = YES;
				SWIFT_VERSION = 5.0;
				TARGETED_DEVICE_FAMILY = "1,2";
			};
			name = Release;
		};
		889BAEE42B83F119000FCDFF /* Debug */ = {
			isa = XCBuildConfiguration;
			buildSettings = {
				ALWAYS_EMBED_SWIFT_STANDARD_LIBRARIES = YES;
				BUNDLE_LOADER = "$(TEST_HOST)";
				CLANG_ENABLE_MODULES = YES;
				CODE_SIGN_STYLE = Automatic;
				CURRENT_PROJECT_VERSION = 1;
				DEVELOPMENT_TEAM = YXQS68D56Q;
				GENERATE_INFOPLIST_FILE = YES;
				IPHONEOS_DEPLOYMENT_TARGET = 16.4;
				MARKETING_VERSION = 1.0;
				PRODUCT_BUNDLE_IDENTIFIER = br.com.renato.ProtocolsAppTests;
				PRODUCT_NAME = "$(TARGET_NAME)";
				SWIFT_EMIT_LOC_STRINGS = NO;
				SWIFT_OPTIMIZATION_LEVEL = "-Onone";
				SWIFT_VERSION = 5.0;
				TARGETED_DEVICE_FAMILY = "1,2";
				TEST_HOST = "$(BUILT_PRODUCTS_DIR)/ProtocolsApp.app/$(BUNDLE_EXECUTABLE_FOLDER_PATH)/ProtocolsApp";
			};
			name = Debug;
		};
		889BAEE52B83F119000FCDFF /* Release */ = {
			isa = XCBuildConfiguration;
			buildSettings = {
				ALWAYS_EMBED_SWIFT_STANDARD_LIBRARIES = YES;
				BUNDLE_LOADER = "$(TEST_HOST)";
				CLANG_ENABLE_MODULES = YES;
				CODE_SIGN_STYLE = Automatic;
				CURRENT_PROJECT_VERSION = 1;
				DEVELOPMENT_TEAM = YXQS68D56Q;
				GENERATE_INFOPLIST_FILE = YES;
				IPHONEOS_DEPLOYMENT_TARGET = 16.4;
				MARKETING_VERSION = 1.0;
				PRODUCT_BUNDLE_IDENTIFIER = br.com.renato.ProtocolsAppTests;
				PRODUCT_NAME = "$(TARGET_NAME)";
				SWIFT_EMIT_LOC_STRINGS = NO;
				SWIFT_VERSION = 5.0;
				TARGETED_DEVICE_FAMILY = "1,2";
				TEST_HOST = "$(BUILT_PRODUCTS_DIR)/ProtocolsApp.app/$(BUNDLE_EXECUTABLE_FOLDER_PATH)/ProtocolsApp";
			};
			name = Release;
		};
/* End XCBuildConfiguration section */

/* Begin XCConfigurationList section */
		889BAEB12B83F118000FCDFF /* Build configuration list for PBXProject "ProtocolsApp" */ = {
			isa = XCConfigurationList;
			buildConfigurations = (
				889BAEDE2B83F119000FCDFF /* Debug */,
				889BAEDF2B83F119000FCDFF /* Release */,
			);
			defaultConfigurationIsVisible = 0;
			defaultConfigurationName = Release;
		};
		889BAEE02B83F119000FCDFF /* Build configuration list for PBXNativeTarget "ProtocolsApp" */ = {
			isa = XCConfigurationList;
			buildConfigurations = (
				889BAEE12B83F119000FCDFF /* Debug */,
				889BAEE22B83F119000FCDFF /* Release */,
			);
			defaultConfigurationIsVisible = 0;
			defaultConfigurationName = Release;
		};
		889BAEE32B83F119000FCDFF /* Build configuration list for PBXNativeTarget "ProtocolsAppTests" */ = {
			isa = XCConfigurationList;
			buildConfigurations = (
				889BAEE42B83F119000FCDFF /* Debug */,
				889BAEE52B83F119000FCDFF /* Release */,
			);
			defaultConfigurationIsVisible = 0;
			defaultConfigurationName = Release;
		};
/* End XCConfigurationList section */
	};
	rootObject = 889BAEAE2B83F118000FCDFF /* Project object */;
}
